
Microsoft Visual Studio Solution File, Format Version 12.00
# Visual Studio Version 17
VisualStudioVersion = 17.5.33627.172
MinimumVisualStudioVersion = 10.0.40219.1
Project("{9A19103F-16F7-4668-BE54-9A1E7A4F7556}") = "Material.Components.Maui", "Material.Components.Maui\Material.Components.Maui.csproj", "{343940DB-404A-4A06-AFF8-4B4598446C79}"
EndProject
Project("{9A19103F-16F7-4668-BE54-9A1E7A4F7556}") = "SampleApp", "..\sample\SampleApp.csproj", "{6BEBB87F-F6D0-4BB8-AA82-370AA70BFF84}"
EndProject
Global
	GlobalSection(SolutionConfigurationPlatforms) = preSolution
		Debug|Any CPU = Debug|Any CPU
		Release|Any CPU = Release|Any CPU
	EndGlobalSection
	GlobalSection(ProjectConfigurationPlatforms) = postSolution
		{343940DB-404A-4A06-AFF8-4B4598446C79}.Debug|Any CPU.ActiveCfg = Debug|Any CPU
		{343940DB-404A-4A06-AFF8-4B4598446C79}.Debug|Any CPU.Build.0 = Debug|Any CPU
		{343940DB-404A-4A06-AFF8-4B4598446C79}.Release|Any CPU.ActiveCfg = Release|Any CPU
		{343940DB-404A-4A06-AFF8-4B4598446C79}.Release|Any CPU.Build.0 = Release|Any CPU
		{6BEBB87F-F6D0-4BB8-AA82-370AA70BFF84}.Debug|Any CPU.ActiveCfg = Debug|Any CPU
		{6BEBB87F-F6D0-4BB8-AA82-370AA70BFF84}.Debug|Any CPU.Build.0 = Debug|Any CPU
		{6BEBB87F-F6D0-4BB8-AA82-370AA70BFF84}.Debug|Any CPU.Deploy.0 = Debug|Any CPU
		{6BEBB87F-F6D0-4BB8-AA82-370AA70BFF84}.Release|Any CPU.ActiveCfg = Release|Any CPU
		{6BEBB87F-F6D0-4BB8-AA82-370AA70BFF84}.Release|Any CPU.Build.0 = Release|Any CPU
		{6BEBB87F-F6D0-4BB8-AA82-370AA70BFF84}.Release|Any CPU.Deploy.0 = Release|Any CPU
	EndGlobalSection
	GlobalSection(SolutionProperties) = preSolution
		HideSolutionNode = FALSE
	EndGlobalSection
	GlobalSection(ExtensibilityGlobals) = postSolution
		SolutionGuid = {5DA5C1F8-9D64-4A7D-BF31-D9BB8D21DBB8}
	EndGlobalSection
EndGlobal
